
Microsoft Visual Studio Solution File, Format Version 12.00
# Visual Studio Version 17
VisualStudioVersion = 17.13.35919.96 d17.13
MinimumVisualStudioVersion = 10.0.40219.1
Project("{FAE04EC0-301F-11D3-BF4B-00C04F79EFBC}") = "Vdcp.Control.Client", "Vdcp.Control.Client\Vdcp.Control.Client.csproj", "{FDBCC366-65FA-4448-94F8-FE4C5008142B}"
EndProject
Global
	GlobalSection(SolutionConfigurationPlatforms) = preSolution
		Debug|Any CPU = Debug|Any CPU
		Release|Any CPU = Release|Any CPU
	EndGlobalSection
	GlobalSection(ProjectConfigurationPlatforms) = postSolution
		{FDBCC366-65FA-4448-94F8-FE4C5008142B}.Debug|Any CPU.ActiveCfg = Debug|Any CPU
		{FDBCC366-65FA-4448-94F8-FE4C5008142B}.Debug|Any CPU.Build.0 = Debug|Any CPU
		{FDBCC366-65FA-4448-94F8-FE4C5008142B}.Release|Any CPU.ActiveCfg = Release|Any CPU
		{FDBCC366-65FA-4448-94F8-FE4C5008142B}.Release|Any CPU.Build.0 = Release|Any CPU
	EndGlobalSection
	GlobalSection(SolutionProperties) = preSolution
		HideSolutionNode = FALSE
	EndGlobalSection
	GlobalSection(ExtensibilityGlobals) = postSolution
		SolutionGuid = {C151184B-1740-4DCA-A603-C48AB3CEDE8C}
	EndGlobalSection
EndGlobal
